
Microsoft Visual Studio Solution File, Format Version 12.00
# Visual Studio 2012
Project("{FAE04EC0-301F-11D3-BF4B-00C04F79EFBC}") = "example1", "example1\example1.csproj", "{E32A1C83-A0FC-44F4-A12B-D25FFCF10015}"
EndProject
Global
	GlobalSection(TeamFoundationVersionControl) = preSolution
		SccNumberOfProjects = 2
		SccEnterpriseProvider = {4CA58AB2-18FA-4F8D-95D4-32DDF27D184C}
		SccTeamFoundationServer = http://sb-02-tfs01:8080/tfs/teamprojects
		SccLocalPath0 = .
		SccProjectUniqueName1 = example1\\example1.csproj
		SccProjectName1 = example1
		SccLocalPath1 = example1
	EndGlobalSection
	GlobalSection(SolutionConfigurationPlatforms) = preSolution
		Debug|Any CPU = Debug|Any CPU
		Release|Any CPU = Release|Any CPU
	EndGlobalSection
	GlobalSection(ProjectConfigurationPlatforms) = postSolution
		{E32A1C83-A0FC-44F4-A12B-D25FFCF10015}.Debug|Any CPU.ActiveCfg = Debug|Any CPU
		{E32A1C83-A0FC-44F4-A12B-D25FFCF10015}.Debug|Any CPU.Build.0 = Debug|Any CPU
		{E32A1C83-A0FC-44F4-A12B-D25FFCF10015}.Release|Any CPU.ActiveCfg = Release|Any CPU
		{E32A1C83-A0FC-44F4-A12B-D25FFCF10015}.Release|Any CPU.Build.0 = Release|Any CPU
	EndGlobalSection
	GlobalSection(SolutionProperties) = preSolution
		HideSolutionNode = FALSE
	EndGlobalSection
EndGlobal
